<?xml version="1.0" encoding="utf-8"?>
<Project ToolsVersion="4.0" xmlns="http://schemas.microsoft.com/developer/msbuild/2003">
  <ItemGroup>
    <Filter Include="Source Files">
      <UniqueIdentifier>{4FC737F1-C7A5-4376-A066-2A32D752A2FF}</UniqueIdentifier>
      <Extensions>cpp;c;cc;cxx;c++;cppm;ixx;def;odl;idl;hpj;bat;asm;asmx</Extensions>
    </Filter>
    <Filter Include="Header Files">
      <UniqueIdentifier>{93995380-89BD-4b04-88EB-625FBE52EBFB}</UniqueIdentifier>
      <Extensions>h;hh;hpp;hxx;h++;hm;inl;inc;ipp;xsd</Extensions>
    </Filter>
    <Filter Include="Resource Files">
      <UniqueIdentifier>{67DA6AB6-F800-4c08-8B7A-83BB121AAD01}</UniqueIdentifier>
      <Extensions>rc;ico;cur;bmp;dlg;rc2;rct;bin;rgs;gif;jpg;jpeg;jpe;resx;tiff;tif;png;wav;mfcribbon-ms</Extensions>
    </Filter>
    <Filter Include="Source Files\imgui">
      <UniqueIdentifier>{1cdb7ec6-1dbb-45ea-a056-d2d46fb5e5c6}</UniqueIdentifier>
    </Filter>
    <Filter Include="Source Files\openGL">
      <UniqueIdentifier>{7dd965c8-659e-4aa2-9e42-e9765ffbba77}</UniqueIdentifier>
    </Filter>
    <Filter Include="Source Files\sqlite3">
      <UniqueIdentifier>{f9194ceb-5d62-4ab1-8386-3be39e973ccd}</UniqueIdentifier>
    </Filter>
    <Filter Include="Header Files\glad.h">
      <UniqueIdentifier>{25a11afb-e15d-40b1-8168-2f0487cf89b0}</UniqueIdentifier>
    </Filter>
    <Filter Include="Header Files\sqlite3">
      <UniqueIdentifier>{dde677d0-740d-44c6-8f56-8b530f398252}</UniqueIdentifier>
    </Filter>
    <Filter Include="Header Files\imgui">
      <UniqueIdentifier>{c3957c39-7dc6-4d18-9616-a836652eb681}</UniqueIdentifier>
    </Filter>
    <Filter Include="Header Files\hashLibrary">
      <UniqueIdentifier>{fde7ea24-435e-4ac3-aaef-28ade3fb17ce}</UniqueIdentifier>
    </Filter>
    <Filter Include="Source Files\hashLibrary">
      <UniqueIdentifier>{abf2ae27-41eb-445e-ad21-16161c84880a}</UniqueIdentifier>
    </Filter>
  </ItemGroup>
  <ItemGroup>
    <ClCompile Include="PlannerApp.cpp">
      <Filter>Source Files</Filter>
    </ClCompile>
    <ClCompile Include="Goal.cpp">
      <Filter>Source Files</Filter>
    </ClCompile>
    <ClCompile Include="DataBaseAccessor.cpp">
      <Filter>Source Files</Filter>
    </ClCompile>
    <ClCompile Include="GUI.cpp">
      <Filter>Source Files</Filter>
    </ClCompile>
    <ClCompile Include="libraries\include\imgui\imgui_draw.cpp">
      <Filter>Source Files\imgui</Filter>
    </ClCompile>
    <ClCompile Include="libraries\include\imgui\imgui_impl_glfw.cpp">
      <Filter>Source Files\imgui</Filter>
    </ClCompile>
    <ClCompile Include="libraries\include\imgui\imgui_impl_opengl3.cpp">
      <Filter>Source Files\imgui</Filter>
    </ClCompile>
    <ClCompile Include="libraries\include\imgui\imgui_tables.cpp">
      <Filter>Source Files\imgui</Filter>
    </ClCompile>
    <ClCompile Include="libraries\include\imgui\imgui_widgets.cpp">
      <Filter>Source Files\imgui</Filter>
    </ClCompile>
    <ClCompile Include="libraries\include\imgui\imgui.cpp">
      <Filter>Source Files\imgui</Filter>
    </ClCompile>
    <ClCompile Include="libraries\include\imgui\imgui_demo.cpp">
      <Filter>Source Files\imgui</Filter>
    </ClCompile>
    <ClCompile Include="glad.c">
      <Filter>Source Files\openGL</Filter>
    </ClCompile>
    <ClCompile Include="libraries\include\sqlite3\sqlite3.c">
      <Filter>Source Files\sqlite3</Filter>
    </ClCompile>
    <ClCompile Include="User.cpp">
      <Filter>Source Files</Filter>
    </ClCompile>
    <ClCompile Include="libraries\include\hash-library\sha3.cpp">
      <Filter>Source Files\hashLibrary</Filter>
    </ClCompile>
    <ClCompile Include="libraries\include\hash-library\sha256.cpp">
      <Filter>Source Files\hashLibrary</Filter>
    </ClCompile>
    <ClCompile Include="libraries\include\hash-library\crc32.cpp">
      <Filter>Source Files\hashLibrary</Filter>
    </ClCompile>
    <ClCompile Include="libraries\include\hash-library\keccak.cpp">
      <Filter>Source Files\hashLibrary</Filter>
    </ClCompile>
    <ClCompile Include="libraries\include\hash-library\md5.cpp">
      <Filter>Source Files\hashLibrary</Filter>
    </ClCompile>
    <ClCompile Include="libraries\include\hash-library\sha1.cpp">
      <Filter>Source Files\hashLibrary</Filter>
    </ClCompile>
  </ItemGroup>
  <ItemGroup>
    <ClInclude Include="Goal.h">
      <Filter>Header Files</Filter>
    </ClInclude>
    <ClInclude Include="DataBaseAccessor.h">
      <Filter>Header Files</Filter>
    </ClInclude>
    <ClInclude Include="libraries\include\glad\glad.h">
      <Filter>Header Files\glad.h</Filter>
    </ClInclude>
    <ClInclude Include="sqlite3\sqlite3.h">
      <Filter>Header Files\sqlite3</Filter>
    </ClInclude>
    <ClInclude Include="libraries\include\imgui\imstb_textedit.h">
      <Filter>Header Files\imgui</Filter>
    </ClInclude>
    <ClInclude Include="libraries\include\imgui\imstb_truetype.h">
      <Filter>Header Files\imgui</Filter>
    </ClInclude>
    <ClInclude Include="libraries\include\imgui\imconfig.h">
      <Filter>Header Files\imgui</Filter>
    </ClInclude>
    <ClInclude Include="libraries\include\imgui\imgui.h">
      <Filter>Header Files\imgui</Filter>
    </ClInclude>
    <ClInclude Include="libraries\include\imgui\imgui_impl_glfw.h">
      <Filter>Header Files\imgui</Filter>
    </ClInclude>
    <ClInclude Include="libraries\include\imgui\imgui_impl_opengl3.h">
      <Filter>Header Files\imgui</Filter>
    </ClInclude>
    <ClInclude Include="libraries\include\imgui\imgui_internal.h">
      <Filter>Header Files\imgui</Filter>
    </ClInclude>
    <ClInclude Include="libraries\include\imgui\imstb_rectpack.h">
      <Filter>Header Files\imgui</Filter>
    </ClInclude>
    <ClInclude Include="libraries\include\imgui\imgui_impl_opengl3_loader.h">
      <Filter>Header Files\imgui</Filter>
    </ClInclude>
    <ClInclude Include="User.h">
      <Filter>Header Files</Filter>
    </ClInclude>
    <ClInclude Include="libraries\include\hash-library\md5.h">
      <Filter>Header Files\hashLibrary</Filter>
    </ClInclude>
    <ClInclude Include="libraries\include\hash-library\sha1.h">
      <Filter>Header Files\hashLibrary</Filter>
    </ClInclude>
    <ClInclude Include="libraries\include\hash-library\sha3.h">
      <Filter>Header Files\hashLibrary</Filter>
    </ClInclude>
    <ClInclude Include="libraries\include\hash-library\sha256.h">
      <Filter>Header Files\hashLibrary</Filter>
    </ClInclude>
    <ClInclude Include="libraries\include\hash-library\crc32.h">
      <Filter>Header Files\hashLibrary</Filter>
    </ClInclude>
    <ClInclude Include="libraries\include\hash-library\hash.h">
      <Filter>Header Files\hashLibrary</Filter>
    </ClInclude>
    <ClInclude Include="libraries\include\hash-library\hmac.h">
      <Filter>Header Files\hashLibrary</Filter>
    </ClInclude>
    <ClInclude Include="libraries\include\hash-library\keccak.h">
      <Filter>Header Files\hashLibrary</Filter>
    </ClInclude>
    <ClInclude Include="GUI.h">
      <Filter>Header Files</Filter>
    </ClInclude>
  </ItemGroup>
</Project>